
Microsoft Visual Studio Solution File, Format Version 12.00
# Visual Studio Version 17
VisualStudioVersion = 17.4.33110.190
MinimumVisualStudioVersion = 10.0.40219.1
Project("{FAE04EC0-301F-11D3-BF4B-00C04F79EFBC}") = "学生信息查询系统", "学生信息查询系统\学生信息查询系统.csproj", "{FC51D7DE-BCD5-4780-AC8E-74CA13057EE5}"
EndProject
Global
	GlobalSection(SolutionConfigurationPlatforms) = preSolution
		Debug|x86 = Debug|x86
		Release|x86 = Release|x86
	EndGlobalSection
	GlobalSection(ProjectConfigurationPlatforms) = postSolution
		{FC51D7DE-BCD5-4780-AC8E-74CA13057EE5}.Debug|x86.ActiveCfg = Debug|x86
		{FC51D7DE-BCD5-4780-AC8E-74CA13057EE5}.Debug|x86.Build.0 = Debug|x86
		{FC51D7DE-BCD5-4780-AC8E-74CA13057EE5}.Release|x86.ActiveCfg = Release|x86
		{FC51D7DE-BCD5-4780-AC8E-74CA13057EE5}.Release|x86.Build.0 = Release|x86
	EndGlobalSection
	GlobalSection(SolutionProperties) = preSolution
		HideSolutionNode = FALSE
	EndGlobalSection
	GlobalSection(ExtensibilityGlobals) = postSolution
		SolutionGuid = {BE4909AB-2C3B-4D2E-A75F-CC5B4B0EDAAD}
	EndGlobalSection
EndGlobal
